# @generated - locked for the ubuntu-26.04-arm CI runner (matches the AMI
# architecture). Node.js 14.9.0 has no official darwin-arm64 build (Node did
# not ship Apple Silicon builds until v16), so this lock intentionally has no
# macos-arm64 platform entry; scripts/build-frontend-release.sh cannot run
# natively on an Apple Silicon Mac.

[[tools.node]]
version = "14.9.0"
backend = "core:node"

[tools.node."platforms.linux-arm64"]
checksum = "sha256:6619a69ffe95c602105484bdecbdccb319e1c0db861203bffb9b6aedfae2c2df"
url = "https://nodejs.org/dist/v14.9.0/node-v14.9.0-linux-arm64.tar.gz"

[[tools.go]]
version = "1.26.6"
backend = "core:go"

[tools.go."platforms.linux-arm64"]
checksum = "sha256:d0507e9e9d7fe012aae570108cbd76c15de879e17130ab8cb90d4d7445cb1f2e"
url = "https://dl.google.com/go/go1.26.6.linux-arm64.tar.gz"
